# This file is automatically @generated by Cargo.
# It is not intended for manual editing.
version = 4

[[package]]
name = "api-axum"
version = "0.0.0"
dependencies = [
 "api-core",
]

[[package]]
name = "api-build"
version = "0.0.0"

[[package]]
name = "api-collector"
version = "0.0.0"
dependencies = [
 "api-ir",
]

[[package]]
name = "api-core"
version = "0.0.0"

[[package]]
name = "api-gen-effect-v4"
version = "0.0.0"
dependencies = [
 "api-ir",
]

[[package]]
name = "api-ir"
version = "0.0.0"

[[package]]
name = "api-ls"
version = "0.0.0"

[[package]]
name = "api-macros"
version = "0.0.0"

[[package]]
name = "api-test-fixtures"
version = "0.0.0"

[[package]]
name = "axum-basic"
version = "0.0.0"
dependencies = [
 "api-core",
]

[[package]]
name = "axum-sse"
version = "0.0.0"

[[package]]
name = "monorepo-basic"
version = "0.0.0"
